
Microsoft Visual Studio Solution File, Format Version 12.00
# Visual Studio Version 17
VisualStudioVersion = 17.3.32922.545
MinimumVisualStudioVersion = 10.0.40219.1
Project("{8BC9CEB8-8B4A-11D0-8D11-00A0C91BC942}") = "BookProject", "BookProject.vcxproj", "{58195814-C2FD-4C62-BC1E-BD08CF546AE9}"
EndProject
Global
	GlobalSection(SolutionConfigurationPlatforms) = preSolution
		Debug|x64 = Debug|x64
		Debug|x86 = Debug|x86
		Release|x64 = Release|x64
		Release|x86 = Release|x86
	EndGlobalSection
	GlobalSection(ProjectConfigurationPlatforms) = postSolution
		{58195814-C2FD-4C62-BC1E-BD08CF546AE9}.Debug|x64.ActiveCfg = Debug|x64
		{58195814-C2FD-4C62-BC1E-BD08CF546AE9}.Debug|x64.Build.0 = Debug|x64
		{58195814-C2FD-4C62-BC1E-BD08CF546AE9}.Debug|x86.ActiveCfg = Debug|Win32
		{58195814-C2FD-4C62-BC1E-BD08CF546AE9}.Debug|x86.Build.0 = Debug|Win32
		{58195814-C2FD-4C62-BC1E-BD08CF546AE9}.Release|x64.ActiveCfg = Release|x64
		{58195814-C2FD-4C62-BC1E-BD08CF546AE9}.Release|x64.Build.0 = Release|x64
		{58195814-C2FD-4C62-BC1E-BD08CF546AE9}.Release|x86.ActiveCfg = Release|Win32
		{58195814-C2FD-4C62-BC1E-BD08CF546AE9}.Release|x86.Build.0 = Release|Win32
	EndGlobalSection
	GlobalSection(SolutionProperties) = preSolution
		HideSolutionNode = FALSE
	EndGlobalSection
	GlobalSection(ExtensibilityGlobals) = postSolution
		SolutionGuid = {4C182CE4-59F2-4310-B20E-25C6D54C56D6}
	EndGlobalSection
EndGlobal
